
Microsoft Visual Studio Solution File, Format Version 12.00
# Visual Studio Version 17
VisualStudioVersion = 17.6.33829.357
MinimumVisualStudioVersion = 10.0.40219.1
Project("{FAE04EC0-301F-11D3-BF4B-00C04F79EFBC}") = "AccessModifiers", "AccessModifiers\AccessModifiers.csproj", "{6E209CBE-7BDE-485D-8B37-97BED27423B9}"
EndProject
Project("{FAE04EC0-301F-11D3-BF4B-00C04F79EFBC}") = "DemoLibrary", "DemoLibrary\DemoLibrary.csproj", "{D35EAB30-3ED6-4792-88E6-67D63FBED837}"
EndProject
Global
	GlobalSection(SolutionConfigurationPlatforms) = preSolution
		Debug|Any CPU = Debug|Any CPU
		Release|Any CPU = Release|Any CPU
	EndGlobalSection
	GlobalSection(ProjectConfigurationPlatforms) = postSolution
		{6E209CBE-7BDE-485D-8B37-97BED27423B9}.Debug|Any CPU.ActiveCfg = Debug|Any CPU
		{6E209CBE-7BDE-485D-8B37-97BED27423B9}.Debug|Any CPU.Build.0 = Debug|Any CPU
		{6E209CBE-7BDE-485D-8B37-97BED27423B9}.Release|Any CPU.ActiveCfg = Release|Any CPU
		{6E209CBE-7BDE-485D-8B37-97BED27423B9}.Release|Any CPU.Build.0 = Release|Any CPU
		{D35EAB30-3ED6-4792-88E6-67D63FBED837}.Debug|Any CPU.ActiveCfg = Debug|Any CPU
		{D35EAB30-3ED6-4792-88E6-67D63FBED837}.Debug|Any CPU.Build.0 = Debug|Any CPU
		{D35EAB30-3ED6-4792-88E6-67D63FBED837}.Release|Any CPU.ActiveCfg = Release|Any CPU
		{D35EAB30-3ED6-4792-88E6-67D63FBED837}.Release|Any CPU.Build.0 = Release|Any CPU
	EndGlobalSection
	GlobalSection(SolutionProperties) = preSolution
		HideSolutionNode = FALSE
	EndGlobalSection
	GlobalSection(ExtensibilityGlobals) = postSolution
		SolutionGuid = {3365FFF6-22F5-4A0A-B638-E5F4997D580D}
	EndGlobalSection
EndGlobal
